{
  "name": "ios-wkwebview-host-lab",
  "version": "0.0.1",
  "lockfileVersion": 3,
  "requires": true,
  "packages": {
    "": {
      "name": "ios-wkwebview-host-lab",
      "version": "0.0.1",
      "dependencies": {
        "@capacitor/app": "8.0.0",
        "@capacitor/core": "8.0.1",
        "@capacitor/haptics": "8.0.0",
        "@capacitor/ios": "8.0.1",
        "@capacitor/keyboard": "8.0.0",
        "@capacitor/status-bar": "8.0.0"
      }
    },
    "node_modules/@capacitor/app": {
      "version": "8.0.0",
      "resolved": "https://registry.npmjs.org/@capacitor/app/-/app-8.0.0.tgz",
      "integrity": "sha512-OwzIkUs4w433Bu9WWAEbEYngXEfJXZ9Wmdb8eoaqzYBgB0W9/3Ed/mh6sAYPNBAZlpyarmewgP7Nb+d3Vrh+xA==",
      "license": "MIT",
      "peerDependencies": {
        "@capacitor/core": ">=8.0.0"
      }
    },
    "node_modules/@capacitor/core": {
      "version": "8.0.1",
      "resolved": "https://registry.npmjs.org/@capacitor/core/-/core-8.0.1.tgz",
      "integrity": "sha512-5UqSWxGMp/B8KhYu7rAijqNtYslhcLh+TrbfU48PfdMDsPfaU/VY48sMNzC22xL8BmoFoql/3SKyP+pavTOvOA==",
      "license": "MIT",
      "dependencies": {
        "tslib": "^2.1.0"
      }
    },
    "node_modules/@capacitor/haptics": {
      "version": "8.0.0",
      "resolved": "https://registry.npmjs.org/@capacitor/haptics/-/haptics-8.0.0.tgz",
      "integrity": "sha512-DY1IUOjke1T4ITl7mFHQIKCaJJyHYAYRYHG9bVApU7PDOZiMVGMp48Yjzdqjya+wv/AHS5mDabSTUmhJ5uDvBA==",
      "license": "MIT",
      "peerDependencies": {
        "@capacitor/core": ">=8.0.0"
      }
    },
    "node_modules/@capacitor/ios": {
      "version": "8.0.1",
      "resolved": "https://registry.npmjs.org/@capacitor/ios/-/ios-8.0.1.tgz",
      "integrity": "sha512-pDxwQtx3n07DBhRKFGvYh4g00ruIsT7HxPm6IIT+tJD8VuTNgwgWYmEOZzfHkG6mZuCe03KqCsuD+aVmg5Rctg==",
      "license": "MIT",
      "peerDependencies": {
        "@capacitor/core": "^8.0.0"
      }
    },
    "node_modules/@capacitor/keyboard": {
      "version": "8.0.0",
      "resolved": "https://registry.npmjs.org/@capacitor/keyboard/-/keyboard-8.0.0.tgz",
      "integrity": "sha512-ycPW6iQyFwzDK95jihesj5EGiyyGSfbBqNek11iNp9tBOB7zDeYkUA2S/vPpOETt3dhP6pWr7a9gNVGuEfj11g==",
      "license": "MIT",
      "peerDependencies": {
        "@capacitor/core": ">=8.0.0"
      }
    },
    "node_modules/@capacitor/status-bar": {
      "version": "8.0.0",
      "resolved": "https://registry.npmjs.org/@capacitor/status-bar/-/status-bar-8.0.0.tgz",
      "integrity": "sha512-aIj3bc7z8lfPgOen8HlrBrkfnxpFnh21OCx6jCUx4Mvv+B6eEkUQ49b32DOddgVfr+igRHLX2SYi7duqIsNDXg==",
      "license": "MIT",
      "peerDependencies": {
        "@capacitor/core": ">=8.0.0"
      }
    },
    "node_modules/tslib": {
      "version": "2.8.1",
      "resolved": "https://registry.npmjs.org/tslib/-/tslib-2.8.1.tgz",
      "integrity": "sha512-oJFu94HQb+KVduSUQL7wnpmqnfmLsOA/nAh6b6EH0wCEoK0/mPeXU6c3wKDV83MkOuHPRHtSXKKU99IBazS/2w==",
      "license": "0BSD"
    }
  }
}
